
Microsoft Visual Studio Solution File, Format Version 12.00
# Visual Studio Version 17
VisualStudioVersion = 17.4.33103.184
MinimumVisualStudioVersion = 10.0.40219.1
Project("{FAE04EC0-301F-11D3-BF4B-00C04F79EFBC}") = "R2PConverter", "WindowsFormsApp2\R2PConverter.csproj", "{EBE5E3BE-3321-42CF-8B0E-E2EA6DB6BAEF}"
EndProject
Global
	GlobalSection(SolutionConfigurationPlatforms) = preSolution
		Debug|Any CPU = Debug|Any CPU
		Release|Any CPU = Release|Any CPU
	EndGlobalSection
	GlobalSection(ProjectConfigurationPlatforms) = postSolution
		{EBE5E3BE-3321-42CF-8B0E-E2EA6DB6BAEF}.Debug|Any CPU.ActiveCfg = Debug|Any CPU
		{EBE5E3BE-3321-42CF-8B0E-E2EA6DB6BAEF}.Debug|Any CPU.Build.0 = Debug|Any CPU
		{EBE5E3BE-3321-42CF-8B0E-E2EA6DB6BAEF}.Release|Any CPU.ActiveCfg = Release|Any CPU
		{EBE5E3BE-3321-42CF-8B0E-E2EA6DB6BAEF}.Release|Any CPU.Build.0 = Release|Any CPU
	EndGlobalSection
	GlobalSection(SolutionProperties) = preSolution
		HideSolutionNode = FALSE
	EndGlobalSection
	GlobalSection(ExtensibilityGlobals) = postSolution
		SolutionGuid = {F57D42B7-D95D-4BEE-809D-044A23F3C3FF}
	EndGlobalSection
EndGlobal
